<Solution>
  <Folder Name="/src/">
    <Project Path="src/ClaudePlayground.AppHost/ClaudePlayground.AppHost.csproj" />
    <Project Path="src/ClaudePlayground.ServiceDefaults/ClaudePlayground.ServiceDefaults.csproj" />
    <Project Path="src/ClaudePlayground.Web/ClaudePlayground.Web.csproj" />
    <Project Path="src\ClaudePlayground.Api\ClaudePlayground.Api.csproj" />
    <Project Path="src\ClaudePlayground.Application\ClaudePlayground.Application.csproj" />
    <Project Path="src\ClaudePlayground.Domain\ClaudePlayground.Domain.csproj" />
    <Project Path="src\ClaudePlayground.Infrastructure\ClaudePlayground.Infrastructure.csproj" />
  </Folder>
  <Folder Name="/tests/">
    <Project Path="tests/ClaudePlayground.Application.Tests.Unit/ClaudePlayground.Application.Tests.Unit.csproj" />
    <Project Path="tests\ClaudePlayground.Infrastructure.Tests.Integration\ClaudePlayground.Infrastructure.Tests.Integration.csproj" />
  </Folder>
</Solution>